
Microsoft Visual Studio Solution File, Format Version 12.00
# Visual Studio Version 17
VisualStudioVersion = 17.14.36414.22 d17.14
MinimumVisualStudioVersion = 10.0.40219.1
Project("{FAE04EC0-301F-11D3-BF4B-00C04F79EFBC}") = "NicoleFirstProgamITN136", "NicoleFirstProgamITN136.csproj", "{481B61DE-2583-4086-8CDD-533E17FCE507}"
EndProject
Global
	GlobalSection(SolutionConfigurationPlatforms) = preSolution
		Debug|Any CPU = Debug|Any CPU
		Release|Any CPU = Release|Any CPU
	EndGlobalSection
	GlobalSection(ProjectConfigurationPlatforms) = postSolution
		{481B61DE-2583-4086-8CDD-533E17FCE507}.Debug|Any CPU.ActiveCfg = Debug|Any CPU
		{481B61DE-2583-4086-8CDD-533E17FCE507}.Debug|Any CPU.Build.0 = Debug|Any CPU
		{481B61DE-2583-4086-8CDD-533E17FCE507}.Release|Any CPU.ActiveCfg = Release|Any CPU
		{481B61DE-2583-4086-8CDD-533E17FCE507}.Release|Any CPU.Build.0 = Release|Any CPU
	EndGlobalSection
	GlobalSection(SolutionProperties) = preSolution
		HideSolutionNode = FALSE
	EndGlobalSection
	GlobalSection(ExtensibilityGlobals) = postSolution
		SolutionGuid = {9A5E7D7A-4902-4F05-A64D-8402A25ED11E}
	EndGlobalSection
EndGlobal
